// !$*UTF8*$!
{
	archiveVersion = 1;
	classes = {
	};
	objectVersion = 46;
	objects = {

/* Begin PBXBuildFile section */
		62EA07C4766847A28338ACD4 /* libPods.a in Frameworks */ = {isa = PBXBuildFile; fileRef = 1EC9120EAB7D4F75AEDEDE38 /* libPods.a */; };
		D6BFDBAA18DB783A00C20532 /* HTBaseView.m in Sources */ = {isa = PBXBuildFile; fileRef = D6BFDBA918DB783A00C20532 /* HTBaseView.m */; };
		D6BFDBAD18DB785E00C20532 /* HTStandardAutoLayoutView.m in Sources */ = {isa = PBXBuildFile; fileRef = D6BFDBAC18DB785E00C20532 /* HTStandardAutoLayoutView.m */; };
		D6BFDBB018DB787900C20532 /* HTUIViewAutoLayoutView.m in Sources */ = {isa = PBXBuildFile; fileRef = D6BFDBAF18DB787900C20532 /* HTUIViewAutoLayoutView.m */; };
		D6BFDBB318DB788D00C20532 /* HTKeepLayoutView.m in Sources */ = {isa = PBXBuildFile; fileRef = D6BFDBB218DB788D00C20532 /* HTKeepLayoutView.m */; };
		D6BFDBB618DB789E00C20532 /* HTMasonryView.m in Sources */ = {isa = PBXBuildFile; fileRef = D6BFDBB518DB789E00C20532 /* HTMasonryView.m */; };
		D6E6DEED18DA521600344FEF /* Foundation.framework in Frameworks */ = {isa = PBXBuildFile; fileRef = D6E6DEEC18DA521600344FEF /* Foundation.framework */; };
		D6E6DEEF18DA521600344FEF /* CoreGraphics.framework in Frameworks */ = {isa = PBXBuildFile; fileRef = D6E6DEEE18DA521600344FEF /* CoreGraphics.framework */; };
		D6E6DEF118DA521600344FEF /* UIKit.framework in Frameworks */ = {isa = PBXBuildFile; fileRef = D6E6DEF018DA521600344FEF /* UIKit.framework */; };
		D6E6DEF718DA521600344FEF /* InfoPlist.strings in Resources */ = {isa = PBXBuildFile; fileRef = D6E6DEF518DA521600344FEF /* InfoPlist.strings */; };
		D6E6DEF918DA521600344FEF /* main.m in Sources */ = {isa = PBXBuildFile; fileRef = D6E6DEF818DA521600344FEF /* main.m */; };
		D6E6DEFD18DA521600344FEF /* HTAppDelegate.m in Sources */ = {isa = PBXBuildFile; fileRef = D6E6DEFC18DA521600344FEF /* HTAppDelegate.m */; };
		D6E6DF0818DA521600344FEF /* Images.xcassets in Resources */ = {isa = PBXBuildFile; fileRef = D6E6DF0718DA521600344FEF /* Images.xcassets */; };
		D6E6DF0F18DA521600344FEF /* XCTest.framework in Frameworks */ = {isa = PBXBuildFile; fileRef = D6E6DF0E18DA521600344FEF /* XCTest.framework */; };
		D6E6DF1018DA521600344FEF /* Foundation.framework in Frameworks */ = {isa = PBXBuildFile; fileRef = D6E6DEEC18DA521600344FEF /* Foundation.framework */; };
		D6E6DF1118DA521600344FEF /* UIKit.framework in Frameworks */ = {isa = PBXBuildFile; fileRef = D6E6DEF018DA521600344FEF /* UIKit.framework */; };
		D6E6DF1918DA521600344FEF /* InfoPlist.strings in Resources */ = {isa = PBXBuildFile; fileRef = D6E6DF1718DA521600344FEF /* InfoPlist.strings */; };
		D6E6DF1B18DA521600344FEF /* LayoutAlternativesTests.m in Sources */ = {isa = PBXBuildFile; fileRef = D6E6DF1A18DA521600344FEF /* LayoutAlternativesTests.m */; };
		D6F817B019643A3F008CBCAB /* HTAllOrientationNavigationController.m in Sources */ = {isa = PBXBuildFile; fileRef = D6F817AF19643A3F008CBCAB /* HTAllOrientationNavigationController.m */; };
		D6F9E53B18DA570A003A8518 /* HTMainTableViewController.m in Sources */ = {isa = PBXBuildFile; fileRef = D6F9E53A18DA570A003A8518 /* HTMainTableViewController.m */; };
		D6F9E54118DA59D5003A8518 /* HTBaseAutoLayoutViewController.m in Sources */ = {isa = PBXBuildFile; fileRef = D6F9E54018DA59D5003A8518 /* HTBaseAutoLayoutViewController.m */; };
/* End PBXBuildFile section */

/* Begin PBXContainerItemProxy section */
		D6E6DF1218DA521600344FEF /* PBXContainerItemProxy */ = {
			isa = PBXContainerItemProxy;
			containerPortal = D6E6DEE118DA521600344FEF /* Project object */;
			proxyType = 1;
			remoteGlobalIDString = D6E6DEE818DA521600344FEF;
			remoteInfo = LayoutAlternatives;
		};
/* End PBXContainerItemProxy section */

/* Begin PBXFileReference section */
		1EC9120EAB7D4F75AEDEDE38 /* libPods.a */ = {isa = PBXFileReference; explicitFileType = archive.ar; includeInIndex = 0; path = libPods.a; sourceTree = BUILT_PRODUCTS_DIR; };
		5C5AB6698E4B4B2591CCDDBE /* Pods.xcconfig */ = {isa = PBXFileReference; includeInIndex = 1; lastKnownFileType = text.xcconfig; name = Pods.xcconfig; path = Pods/Pods.xcconfig; sourceTree = "<group>"; };
		D6BFDBA818DB783A00C20532 /* HTBaseView.h */ = {isa = PBXFileReference; fileEncoding = 4; lastKnownFileType = sourcecode.c.h; path = HTBaseView.h; sourceTree = "<group>"; };
		D6BFDBA918DB783A00C20532 /* HTBaseView.m */ = {isa = PBXFileReference; fileEncoding = 4; lastKnownFileType = sourcecode.c.objc; path = HTBaseView.m; sourceTree = "<group>"; };
		D6BFDBAB18DB785E00C20532 /* HTStandardAutoLayoutView.h */ = {isa = PBXFileReference; fileEncoding = 4; lastKnownFileType = sourcecode.c.h; path = HTStandardAutoLayoutView.h; sourceTree = "<group>"; };
		D6BFDBAC18DB785E00C20532 /* HTStandardAutoLayoutView.m */ = {isa = PBXFileReference; fileEncoding = 4; lastKnownFileType = sourcecode.c.objc; path = HTStandardAutoLayoutView.m; sourceTree = "<group>"; };
		D6BFDBAE18DB787900C20532 /* HTUIViewAutoLayoutView.h */ = {isa = PBXFileReference; fileEncoding = 4; lastKnownFileType = sourcecode.c.h; path = HTUIViewAutoLayoutView.h; sourceTree = "<group>"; };
		D6BFDBAF18DB787900C20532 /* HTUIViewAutoLayoutView.m */ = {isa = PBXFileReference; fileEncoding = 4; lastKnownFileType = sourcecode.c.objc; path = HTUIViewAutoLayoutView.m; sourceTree = "<group>"; };
		D6BFDBB118DB788D00C20532 /* HTKeepLayoutView.h */ = {isa = PBXFileReference; fileEncoding = 4; lastKnownFileType = sourcecode.c.h; path = HTKeepLayoutView.h; sourceTree = "<group>"; };
		D6BFDBB218DB788D00C20532 /* HTKeepLayoutView.m */ = {isa = PBXFileReference; fileEncoding = 4; lastKnownFileType = sourcecode.c.objc; path = HTKeepLayoutView.m; sourceTree = "<group>"; };
		D6BFDBB418DB789E00C20532 /* HTMasonryView.h */ = {isa = PBXFileReference; fileEncoding = 4; lastKnownFileType = sourcecode.c.h; path = HTMasonryView.h; sourceTree = "<group>"; };
		D6BFDBB518DB789E00C20532 /* HTMasonryView.m */ = {isa = PBXFileReference; fileEncoding = 4; lastKnownFileType = sourcecode.c.objc; path = HTMasonryView.m; sourceTree = "<group>"; };
		D6E6DEE918DA521600344FEF /* LayoutAlternatives.app */ = {isa = PBXFileReference; explicitFileType = wrapper.application; includeInIndex = 0; path = LayoutAlternatives.app; sourceTree = BUILT_PRODUCTS_DIR; };
		D6E6DEEC18DA521600344FEF /* Foundation.framework */ = {isa = PBXFileReference; lastKnownFileType = wrapper.framework; name = Foundation.framework; path = System/Library/Frameworks/Foundation.framework; sourceTree = SDKROOT; };
		D6E6DEEE18DA521600344FEF /* CoreGraphics.framework */ = {isa = PBXFileReference; lastKnownFileType = wrapper.framework; name = CoreGraphics.framework; path = System/Library/Frameworks/CoreGraphics.framework; sourceTree = SDKROOT; };
		D6E6DEF018DA521600344FEF /* UIKit.framework */ = {isa = PBXFileReference; lastKnownFileType = wrapper.framework; name = UIKit.framework; path = System/Library/Frameworks/UIKit.framework; sourceTree = SDKROOT; };
		D6E6DEF418DA521600344FEF /* LayoutAlternatives-Info.plist */ = {isa = PBXFileReference; lastKnownFileType = text.plist.xml; path = "LayoutAlternatives-Info.plist"; sourceTree = "<group>"; };
		D6E6DEF618DA521600344FEF /* en */ = {isa = PBXFileReference; lastKnownFileType = text.plist.strings; name = en; path = en.lproj/InfoPlist.strings; sourceTree = "<group>"; };
		D6E6DEF818DA521600344FEF /* main.m */ = {isa = PBXFileReference; lastKnownFileType = sourcecode.c.objc; path = main.m; sourceTree = "<group>"; };
		D6E6DEFA18DA521600344FEF /* LayoutAlternatives-Prefix.pch */ = {isa = PBXFileReference; lastKnownFileType = sourcecode.c.h; path = "LayoutAlternatives-Prefix.pch"; sourceTree = "<group>"; };
		D6E6DEFB18DA521600344FEF /* HTAppDelegate.h */ = {isa = PBXFileReference; lastKnownFileType = sourcecode.c.h; path = HTAppDelegate.h; sourceTree = "<group>"; };
		D6E6DEFC18DA521600344FEF /* HTAppDelegate.m */ = {isa = PBXFileReference; lastKnownFileType = sourcecode.c.objc; path = HTAppDelegate.m; sourceTree = "<group>"; };
		D6E6DF0718DA521600344FEF /* Images.xcassets */ = {isa = PBXFileReference; lastKnownFileType = folder.assetcatalog; path = Images.xcassets; sourceTree = "<group>"; };
		D6E6DF0D18DA521600344FEF /* LayoutAlternativesTests.xctest */ = {isa = PBXFileReference; explicitFileType = wrapper.cfbundle; includeInIndex = 0; path = LayoutAlternativesTests.xctest; sourceTree = BUILT_PRODUCTS_DIR; };
		D6E6DF0E18DA521600344FEF /* XCTest.framework */ = {isa = PBXFileReference; lastKnownFileType = wrapper.framework; name = XCTest.framework; path = Library/Frameworks/XCTest.framework; sourceTree = DEVELOPER_DIR; };
		D6E6DF1618DA521600344FEF /* LayoutAlternativesTests-Info.plist */ = {isa = PBXFileReference; lastKnownFileType = text.plist.xml; path = "LayoutAlternativesTests-Info.plist"; sourceTree = "<group>"; };
		D6E6DF1818DA521600344FEF /* en */ = {isa = PBXFileReference; lastKnownFileType = text.plist.strings; name = en; path = en.lproj/InfoPlist.strings; sourceTree = "<group>"; };
		D6E6DF1A18DA521600344FEF /* LayoutAlternativesTests.m */ = {isa = PBXFileReference; lastKnownFileType = sourcecode.c.objc; path = LayoutAlternativesTests.m; sourceTree = "<group>"; };
		D6F817AE19643A3F008CBCAB /* HTAllOrientationNavigationController.h */ = {isa = PBXFileReference; fileEncoding = 4; lastKnownFileType = sourcecode.c.h; path = HTAllOrientationNavigationController.h; sourceTree = "<group>"; };
		D6F817AF19643A3F008CBCAB /* HTAllOrientationNavigationController.m */ = {isa = PBXFileReference; fileEncoding = 4; lastKnownFileType = sourcecode.c.objc; path = HTAllOrientationNavigationController.m; sourceTree = "<group>"; };
		D6F9E53918DA570A003A8518 /* HTMainTableViewController.h */ = {isa = PBXFileReference; fileEncoding = 4; lastKnownFileType = sourcecode.c.h; path = HTMainTableViewController.h; sourceTree = "<group>"; };
		D6F9E53A18DA570A003A8518 /* HTMainTableViewController.m */ = {isa = PBXFileReference; fileEncoding = 4; lastKnownFileType = sourcecode.c.objc; path = HTMainTableViewController.m; sourceTree = "<group>"; };
		D6F9E53F18DA59D5003A8518 /* HTBaseAutoLayoutViewController.h */ = {isa = PBXFileReference; fileEncoding = 4; lastKnownFileType = sourcecode.c.h; path = HTBaseAutoLayoutViewController.h; sourceTree = "<group>"; };
		D6F9E54018DA59D5003A8518 /* HTBaseAutoLayoutViewController.m */ = {isa = PBXFileReference; fileEncoding = 4; lastKnownFileType = sourcecode.c.objc; path = HTBaseAutoLayoutViewController.m; sourceTree = "<group>"; };
/* End PBXFileReference section */

/* Begin PBXFrameworksBuildPhase section */
		D6E6DEE618DA521600344FEF /* Frameworks */ = {
			isa = PBXFrameworksBuildPhase;
			buildActionMask = 2147483647;
			files = (
				D6E6DEEF18DA521600344FEF /* CoreGraphics.framework in Frameworks */,
				D6E6DEF118DA521600344FEF /* UIKit.framework in Frameworks */,
				D6E6DEED18DA521600344FEF /* Foundation.framework in Frameworks */,
				62EA07C4766847A28338ACD4 /* libPods.a in Frameworks */,
			);
			runOnlyForDeploymentPostprocessing = 0;
		};
		D6E6DF0A18DA521600344FEF /* Frameworks */ = {
			isa = PBXFrameworksBuildPhase;
			buildActionMask = 2147483647;
			files = (
				D6E6DF0F18DA521600344FEF /* XCTest.framework in Frameworks */,
				D6E6DF1118DA521600344FEF /* UIKit.framework in Frameworks */,
				D6E6DF1018DA521600344FEF /* Foundation.framework in Frameworks */,
			);
			runOnlyForDeploymentPostprocessing = 0;
		};
/* End PBXFrameworksBuildPhase section */

/* Begin PBXGroup section */
		D6BFDBA718DB782B00C20532 /* Views */ = {
			isa = PBXGroup;
			children = (
				D6BFDBA818DB783A00C20532 /* HTBaseView.h */,
				D6BFDBA918DB783A00C20532 /* HTBaseView.m */,
				D6BFDBAB18DB785E00C20532 /* HTStandardAutoLayoutView.h */,
				D6BFDBAC18DB785E00C20532 /* HTStandardAutoLayoutView.m */,
				D6BFDBAE18DB787900C20532 /* HTUIViewAutoLayoutView.h */,
				D6BFDBAF18DB787900C20532 /* HTUIViewAutoLayoutView.m */,
				D6BFDBB118DB788D00C20532 /* HTKeepLayoutView.h */,
				D6BFDBB218DB788D00C20532 /* HTKeepLayoutView.m */,
				D6BFDBB418DB789E00C20532 /* HTMasonryView.h */,
				D6BFDBB518DB789E00C20532 /* HTMasonryView.m */,
			);
			path = Views;
			sourceTree = "<group>";
		};
		D6E6DEE018DA521600344FEF = {
			isa = PBXGroup;
			children = (
				D6E6DEF218DA521600344FEF /* LayoutAlternatives */,
				D6E6DF1418DA521600344FEF /* LayoutAlternativesTests */,
				D6E6DEEB18DA521600344FEF /* Frameworks */,
				D6E6DEEA18DA521600344FEF /* Products */,
				5C5AB6698E4B4B2591CCDDBE /* Pods.xcconfig */,
			);
			sourceTree = "<group>";
		};
		D6E6DEEA18DA521600344FEF /* Products */ = {
			isa = PBXGroup;
			children = (
				D6E6DEE918DA521600344FEF /* LayoutAlternatives.app */,
				D6E6DF0D18DA521600344FEF /* LayoutAlternativesTests.xctest */,
			);
			name = Products;
			sourceTree = "<group>";
		};
		D6E6DEEB18DA521600344FEF /* Frameworks */ = {
			isa = PBXGroup;
			children = (
				D6E6DEEC18DA521600344FEF /* Foundation.framework */,
				D6E6DEEE18DA521600344FEF /* CoreGraphics.framework */,
				D6E6DEF018DA521600344FEF /* UIKit.framework */,
				D6E6DF0E18DA521600344FEF /* XCTest.framework */,
				1EC9120EAB7D4F75AEDEDE38 /* libPods.a */,
			);
			name = Frameworks;
			sourceTree = "<group>";
		};
		D6E6DEF218DA521600344FEF /* LayoutAlternatives */ = {
			isa = PBXGroup;
			children = (
				D6BFDBA718DB782B00C20532 /* Views */,
				D6F9E53818DA56FD003A8518 /* Controllers */,
				D6E6DEFB18DA521600344FEF /* HTAppDelegate.h */,
				D6E6DEFC18DA521600344FEF /* HTAppDelegate.m */,
				D6E6DF0718DA521600344FEF /* Images.xcassets */,
				D6E6DEF318DA521600344FEF /* Supporting Files */,
			);
			path = LayoutAlternatives;
			sourceTree = "<group>";
		};
		D6E6DEF318DA521600344FEF /* Supporting Files */ = {
			isa = PBXGroup;
			children = (
				D6E6DEF418DA521600344FEF /* LayoutAlternatives-Info.plist */,
				D6E6DEF518DA521600344FEF /* InfoPlist.strings */,
				D6E6DEF818DA521600344FEF /* main.m */,
				D6E6DEFA18DA521600344FEF /* LayoutAlternatives-Prefix.pch */,
			);
			name = "Supporting Files";
			sourceTree = "<group>";
		};
		D6E6DF1418DA521600344FEF /* LayoutAlternativesTests */ = {
			isa = PBXGroup;
			children = (
				D6E6DF1A18DA521600344FEF /* LayoutAlternativesTests.m */,
				D6E6DF1518DA521600344FEF /* Supporting Files */,
			);
			path = LayoutAlternativesTests;
			sourceTree = "<group>";
		};
		D6E6DF1518DA521600344FEF /* Supporting Files */ = {
			isa = PBXGroup;
			children = (
				D6E6DF1618DA521600344FEF /* LayoutAlternativesTests-Info.plist */,
				D6E6DF1718DA521600344FEF /* InfoPlist.strings */,
			);
			name = "Supporting Files";
			sourceTree = "<group>";
		};
		D6F9E53818DA56FD003A8518 /* Controllers */ = {
			isa = PBXGroup;
			children = (
				D6F9E53918DA570A003A8518 /* HTMainTableViewController.h */,
				D6F9E53A18DA570A003A8518 /* HTMainTableViewController.m */,
				D6F9E53F18DA59D5003A8518 /* HTBaseAutoLayoutViewController.h */,
				D6F9E54018DA59D5003A8518 /* HTBaseAutoLayoutViewController.m */,
				D6F817AE19643A3F008CBCAB /* HTAllOrientationNavigationController.h */,
				D6F817AF19643A3F008CBCAB /* HTAllOrientationNavigationController.m */,
			);
			path = Controllers;
			sourceTree = "<group>";
		};
/* End PBXGroup section */

/* Begin PBXNativeTarget section */
		D6E6DEE818DA521600344FEF /* LayoutAlternatives */ = {
			isa = PBXNativeTarget;
			buildConfigurationList = D6E6DF1E18DA521600344FEF /* Build configuration list for PBXNativeTarget "LayoutAlternatives" */;
			buildPhases = (
				491BA6A6E4074885B000BF16 /* Check Pods Manifest.lock */,
				D6E6DEE518DA521600344FEF /* Sources */,
				D6E6DEE618DA521600344FEF /* Frameworks */,
				D6E6DEE718DA521600344FEF /* Resources */,
				961C1FE7D72C4986B80CDF09 /* Copy Pods Resources */,
			);
			buildRules = (
			);
			dependencies = (
			);
			name = LayoutAlternatives;
			productName = LayoutAlternatives;
			productReference = D6E6DEE918DA521600344FEF /* LayoutAlternatives.app */;
			productType = "com.apple.product-type.application";
		};
		D6E6DF0C18DA521600344FEF /* LayoutAlternativesTests */ = {
			isa = PBXNativeTarget;
			buildConfigurationList = D6E6DF2118DA521600344FEF /* Build configuration list for PBXNativeTarget "LayoutAlternativesTests" */;
			buildPhases = (
				D6E6DF0918DA521600344FEF /* Sources */,
				D6E6DF0A18DA521600344FEF /* Frameworks */,
				D6E6DF0B18DA521600344FEF /* Resources */,
			);
			buildRules = (
			);
			dependencies = (
				D6E6DF1318DA521600344FEF /* PBXTargetDependency */,
			);
			name = LayoutAlternativesTests;
			productName = LayoutAlternativesTests;
			productReference = D6E6DF0D18DA521600344FEF /* LayoutAlternativesTests.xctest */;
			productType = "com.apple.product-type.bundle.unit-test";
		};
/* End PBXNativeTarget section */

/* Begin PBXProject section */
		D6E6DEE118DA521600344FEF /* Project object */ = {
			isa = PBXProject;
			attributes = {
				CLASSPREFIX = HT;
				LastUpgradeCheck = 0510;
				ORGANIZATIONNAME = "Hugo Tunius";
				TargetAttributes = {
					D6E6DF0C18DA521600344FEF = {
						TestTargetID = D6E6DEE818DA521600344FEF;
					};
				};
			};
			buildConfigurationList = D6E6DEE418DA521600344FEF /* Build configuration list for PBXProject "LayoutAlternatives" */;
			compatibilityVersion = "Xcode 3.2";
			developmentRegion = English;
			hasScannedForEncodings = 0;
			knownRegions = (
				en,
				Base,
			);
			mainGroup = D6E6DEE018DA521600344FEF;
			productRefGroup = D6E6DEEA18DA521600344FEF /* Products */;
			projectDirPath = "";
			projectRoot = "";
			targets = (
				D6E6DEE818DA521600344FEF /* LayoutAlternatives */,
				D6E6DF0C18DA521600344FEF /* LayoutAlternativesTests */,
			);
		};
/* End PBXProject section */

/* Begin PBXResourcesBuildPhase section */
		D6E6DEE718DA521600344FEF /* Resources */ = {
			isa = PBXResourcesBuildPhase;
			buildActionMask = 2147483647;
			files = (
				D6E6DF0818DA521600344FEF /* Images.xcassets in Resources */,
				D6E6DEF718DA521600344FEF /* InfoPlist.strings in Resources */,
			);
			runOnlyForDeploymentPostprocessing = 0;
		};
		D6E6DF0B18DA521600344FEF /* Resources */ = {
			isa = PBXResourcesBuildPhase;
			buildActionMask = 2147483647;
			files = (
				D6E6DF1918DA521600344FEF /* InfoPlist.strings in Resources */,
			);
			runOnlyForDeploymentPostprocessing = 0;
		};
/* End PBXResourcesBuildPhase section */

/* Begin PBXShellScriptBuildPhase section */
		491BA6A6E4074885B000BF16 /* Check Pods Manifest.lock */ = {
			isa = PBXShellScriptBuildPhase;
			buildActionMask = 2147483647;
			files = (
			);
			inputPaths = (
			);
			name = "Check Pods Manifest.lock";
			outputPaths = (
			);
			runOnlyForDeploymentPostprocessing = 0;
			shellPath = /bin/sh;
			shellScript = "diff \"${PODS_ROOT}/../Podfile.lock\" \"${PODS_ROOT}/Manifest.lock\" > /dev/null\nif [[ $? != 0 ]] ; then\n    cat << EOM\nerror: The sandbox is not in sync with the Podfile.lock. Run 'pod install' or update your CocoaPods installation.\nEOM\n    exit 1\nfi\n";
			showEnvVarsInLog = 0;
		};
		961C1FE7D72C4986B80CDF09 /* Copy Pods Resources */ = {
			isa = PBXShellScriptBuildPhase;
			buildActionMask = 2147483647;
			files = (
			);
			inputPaths = (
			);
			name = "Copy Pods Resources";
			outputPaths = (
			);
			runOnlyForDeploymentPostprocessing = 0;
			shellPath = /bin/sh;
			shellScript = "\"${SRCROOT}/Pods/Pods-resources.sh\"\n";
			showEnvVarsInLog = 0;
		};
/* End PBXShellScriptBuildPhase section */

/* Begin PBXSourcesBuildPhase section */
		D6E6DEE518DA521600344FEF /* Sources */ = {
			isa = PBXSourcesBuildPhase;
			buildActionMask = 2147483647;
			files = (
				D6BFDBAA18DB783A00C20532 /* HTBaseView.m in Sources */,
				D6BFDBB018DB787900C20532 /* HTUIViewAutoLayoutView.m in Sources */,
				D6E6DEFD18DA521600344FEF /* HTAppDelegate.m in Sources */,
				D6F9E53B18DA570A003A8518 /* HTMainTableViewController.m in Sources */,
				D6F817B019643A3F008CBCAB /* HTAllOrientationNavigationController.m in Sources */,
				D6F9E54118DA59D5003A8518 /* HTBaseAutoLayoutViewController.m in Sources */,
				D6BFDBAD18DB785E00C20532 /* HTStandardAutoLayoutView.m in Sources */,
				D6BFDBB618DB789E00C20532 /* HTMasonryView.m in Sources */,
				D6E6DEF918DA521600344FEF /* main.m in Sources */,
				D6BFDBB318DB788D00C20532 /* HTKeepLayoutView.m in Sources */,
			);
			runOnlyForDeploymentPostprocessing = 0;
		};
		D6E6DF0918DA521600344FEF /* Sources */ = {
			isa = PBXSourcesBuildPhase;
			buildActionMask = 2147483647;
			files = (
				D6E6DF1B18DA521600344FEF /* LayoutAlternativesTests.m in Sources */,
			);
			runOnlyForDeploymentPostprocessing = 0;
		};
/* End PBXSourcesBuildPhase section */

/* Begin PBXTargetDependency section */
		D6E6DF1318DA521600344FEF /* PBXTargetDependency */ = {
			isa = PBXTargetDependency;
			target = D6E6DEE818DA521600344FEF /* LayoutAlternatives */;
			targetProxy = D6E6DF1218DA521600344FEF /* PBXContainerItemProxy */;
		};
/* End PBXTargetDependency section */

/* Begin PBXVariantGroup section */
		D6E6DEF518DA521600344FEF /* InfoPlist.strings */ = {
			isa = PBXVariantGroup;
			children = (
				D6E6DEF618DA521600344FEF /* en */,
			);
			name = InfoPlist.strings;
			sourceTree = "<group>";
		};
		D6E6DF1718DA521600344FEF /* InfoPlist.strings */ = {
			isa = PBXVariantGroup;
			children = (
				D6E6DF1818DA521600344FEF /* en */,
			);
			name = InfoPlist.strings;
			sourceTree = "<group>";
		};
/* End PBXVariantGroup section */

/* Begin XCBuildConfiguration section */
		D6E6DF1C18DA521600344FEF /* Debug */ = {
			isa = XCBuildConfiguration;
			buildSettings = {
				ALWAYS_SEARCH_USER_PATHS = NO;
				CLANG_CXX_LANGUAGE_STANDARD = "gnu++0x";
				CLANG_CXX_LIBRARY = "libc++";
				CLANG_ENABLE_MODULES = YES;
				CLANG_ENABLE_OBJC_ARC = YES;
				CLANG_WARN_BOOL_CONVERSION = YES;
				CLANG_WARN_CONSTANT_CONVERSION = YES;
				CLANG_WARN_DIRECT_OBJC_ISA_USAGE = YES_ERROR;
				CLANG_WARN_EMPTY_BODY = YES;
				CLANG_WARN_ENUM_CONVERSION = YES;
				CLANG_WARN_INT_CONVERSION = YES;
				CLANG_WARN_OBJC_ROOT_CLASS = YES_ERROR;
				CLANG_WARN__DUPLICATE_METHOD_MATCH = YES;
				"CODE_SIGN_IDENTITY[sdk=iphoneos*]" = "iPhone Developer";
				COPY_PHASE_STRIP = NO;
				GCC_C_LANGUAGE_STANDARD = gnu99;
				GCC_DYNAMIC_NO_PIC = NO;
				GCC_OPTIMIZATION_LEVEL = 0;
				GCC_PREPROCESSOR_DEFINITIONS = (
					"DEBUG=1",
					"$(inherited)",
				);
				GCC_SYMBOLS_PRIVATE_EXTERN = NO;
				GCC_WARN_64_TO_32_BIT_CONVERSION = YES;
				GCC_WARN_ABOUT_RETURN_TYPE = YES_ERROR;
				GCC_WARN_UNDECLARED_SELECTOR = YES;
				GCC_WARN_UNINITIALIZED_AUTOS = YES_AGGRESSIVE;
				GCC_WARN_UNUSED_FUNCTION = YES;
				GCC_WARN_UNUSED_VARIABLE = YES;
				IPHONEOS_DEPLOYMENT_TARGET = 7.1;
				ONLY_ACTIVE_ARCH = YES;
				SDKROOT = iphoneos;
			};
			name = Debug;
		};
		D6E6DF1D18DA521600344FEF /* Release */ = {
			isa = XCBuildConfiguration;
			buildSettings = {
				ALWAYS_SEARCH_USER_PATHS = NO;
				CLANG_CXX_LANGUAGE_STANDARD = "gnu++0x";
				CLANG_CXX_LIBRARY = "libc++";
				CLANG_ENABLE_MODULES = YES;
				CLANG_ENABLE_OBJC_ARC = YES;
				CLANG_WARN_BOOL_CONVERSION = YES;
				CLANG_WARN_CONSTANT_CONVERSION = YES;
				CLANG_WARN_DIRECT_OBJC_ISA_USAGE = YES_ERROR;
				CLANG_WARN_EMPTY_BODY = YES;
				CLANG_WARN_ENUM_CONVERSION = YES;
				CLANG_WARN_INT_CONVERSION = YES;
				CLANG_WARN_OBJC_ROOT_CLASS = YES_ERROR;
				CLANG_WARN__DUPLICATE_METHOD_MATCH = YES;
				"CODE_SIGN_IDENTITY[sdk=iphoneos*]" = "iPhone Developer";
				COPY_PHASE_STRIP = YES;
				ENABLE_NS_ASSERTIONS = NO;
				GCC_C_LANGUAGE_STANDARD = gnu99;
				GCC_WARN_64_TO_32_BIT_CONVERSION = YES;
				GCC_WARN_ABOUT_RETURN_TYPE = YES_ERROR;
				GCC_WARN_UNDECLARED_SELECTOR = YES;
				GCC_WARN_UNINITIALIZED_AUTOS = YES_AGGRESSIVE;
				GCC_WARN_UNUSED_FUNCTION = YES;
				GCC_WARN_UNUSED_VARIABLE = YES;
				IPHONEOS_DEPLOYMENT_TARGET = 7.1;
				SDKROOT = iphoneos;
				VALIDATE_PRODUCT = YES;
			};
			name = Release;
		};
		D6E6DF1F18DA521600344FEF /* Debug */ = {
			isa = XCBuildConfiguration;
			baseConfigurationReference = 5C5AB6698E4B4B2591CCDDBE /* Pods.xcconfig */;
			buildSettings = {
				ASSETCATALOG_COMPILER_APPICON_NAME = AppIcon;
				ASSETCATALOG_COMPILER_LAUNCHIMAGE_NAME = LaunchImage;
				GCC_PRECOMPILE_PREFIX_HEADER = YES;
				GCC_PREFIX_HEADER = "LayoutAlternatives/LayoutAlternatives-Prefix.pch";
				GCC_TREAT_WARNINGS_AS_ERRORS = YES;
				INFOPLIST_FILE = "LayoutAlternatives/LayoutAlternatives-Info.plist";
				IPHONEOS_DEPLOYMENT_TARGET = 7.1;
				PRODUCT_NAME = "$(TARGET_NAME)";
				TARGETED_DEVICE_FAMILY = "1,2";
				WRAPPER_EXTENSION = app;
			};
			name = Debug;
		};
		D6E6DF2018DA521600344FEF /* Release */ = {
			isa = XCBuildConfiguration;
			baseConfigurationReference = 5C5AB6698E4B4B2591CCDDBE /* Pods.xcconfig */;
			buildSettings = {
				ASSETCATALOG_COMPILER_APPICON_NAME = AppIcon;
				ASSETCATALOG_COMPILER_LAUNCHIMAGE_NAME = LaunchImage;
				GCC_PRECOMPILE_PREFIX_HEADER = YES;
				GCC_PREFIX_HEADER = "LayoutAlternatives/LayoutAlternatives-Prefix.pch";
				GCC_TREAT_WARNINGS_AS_ERRORS = YES;
				INFOPLIST_FILE = "LayoutAlternatives/LayoutAlternatives-Info.plist";
				IPHONEOS_DEPLOYMENT_TARGET = 7.1;
				PRODUCT_NAME = "$(TARGET_NAME)";
				TARGETED_DEVICE_FAMILY = "1,2";
				WRAPPER_EXTENSION = app;
			};
			name = Release;
		};
		D6E6DF2218DA521600344FEF /* Debug */ = {
			isa = XCBuildConfiguration;
			buildSettings = {
				BUNDLE_LOADER = "$(BUILT_PRODUCTS_DIR)/LayoutAlternatives.app/LayoutAlternatives";
				FRAMEWORK_SEARCH_PATHS = (
					"$(SDKROOT)/Developer/Library/Frameworks",
					"$(inherited)",
					"$(DEVELOPER_FRAMEWORKS_DIR)",
				);
				GCC_PRECOMPILE_PREFIX_HEADER = YES;
				GCC_PREFIX_HEADER = "LayoutAlternatives/LayoutAlternatives-Prefix.pch";
				GCC_PREPROCESSOR_DEFINITIONS = (
					"DEBUG=1",
					"$(inherited)",
				);
				INFOPLIST_FILE = "LayoutAlternativesTests/LayoutAlternativesTests-Info.plist";
				PRODUCT_NAME = "$(TARGET_NAME)";
				TEST_HOST = "$(BUNDLE_LOADER)";
				WRAPPER_EXTENSION = xctest;
			};
			name = Debug;
		};
		D6E6DF2318DA521600344FEF /* Release */ = {
			isa = XCBuildConfiguration;
			buildSettings = {
				BUNDLE_LOADER = "$(BUILT_PRODUCTS_DIR)/LayoutAlternatives.app/LayoutAlternatives";
				FRAMEWORK_SEARCH_PATHS = (
					"$(SDKROOT)/Developer/Library/Frameworks",
					"$(inherited)",
					"$(DEVELOPER_FRAMEWORKS_DIR)",
				);
				GCC_PRECOMPILE_PREFIX_HEADER = YES;
				GCC_PREFIX_HEADER = "LayoutAlternatives/LayoutAlternatives-Prefix.pch";
				INFOPLIST_FILE = "LayoutAlternativesTests/LayoutAlternativesTests-Info.plist";
				PRODUCT_NAME = "$(TARGET_NAME)";
				TEST_HOST = "$(BUNDLE_LOADER)";
				WRAPPER_EXTENSION = xctest;
			};
			name = Release;
		};
/* End XCBuildConfiguration section */

/* Begin XCConfigurationList section */
		D6E6DEE418DA521600344FEF /* Build configuration list for PBXProject "LayoutAlternatives" */ = {
			isa = XCConfigurationList;
			buildConfigurations = (
				D6E6DF1C18DA521600344FEF /* Debug */,
				D6E6DF1D18DA521600344FEF /* Release */,
			);
			defaultConfigurationIsVisible = 0;
			defaultConfigurationName = Release;
		};
		D6E6DF1E18DA521600344FEF /* Build configuration list for PBXNativeTarget "LayoutAlternatives" */ = {
			isa = XCConfigurationList;
			buildConfigurations = (
				D6E6DF1F18DA521600344FEF /* Debug */,
				D6E6DF2018DA521600344FEF /* Release */,
			);
			defaultConfigurationIsVisible = 0;
			defaultConfigurationName = Release;
		};
		D6E6DF2118DA521600344FEF /* Build configuration list for PBXNativeTarget "LayoutAlternativesTests" */ = {
			isa = XCConfigurationList;
			buildConfigurations = (
				D6E6DF2218DA521600344FEF /* Debug */,
				D6E6DF2318DA521600344FEF /* Release */,
			);
			defaultConfigurationIsVisible = 0;
			defaultConfigurationName = Release;
		};
/* End XCConfigurationList section */
	};
	rootObject = D6E6DEE118DA521600344FEF /* Project object */;
}
